{
  "nodes": {
    "firedrake": {
      "inputs": {
        "nixpkgs": "nixpkgs"
      },
      "locked": {
        "lastModified": 1748331982,
        "narHash": "sha256-bHhsSlwkNQG9UDXjAiZ7qun2d+oDc8Qv9Az0clq8Nps=",
        "owner": "angus-g",
        "repo": "firedrake-flake",
        "rev": "0e621633bfc2cef55db18be29700048ea90b8295",
        "type": "github"
      },
      "original": {
        "owner": "angus-g",
        "repo": "firedrake-flake",
        "type": "github"
      }
    },
    "gadopt-repo": {
      "flake": false,
      "locked": {
        "path": "./g-adopt",
        "type": "path"
      },
      "original": {
        "path": "./g-adopt",
        "type": "path"
      },
      "parent": []
    },
    "nixpkgs": {
      "locked": {
        "lastModified": 1748190013,
        "narHash": "sha256-R5HJFflOfsP5FBtk+zE8FpL8uqE7n62jqOsADvVshhE=",
        "owner": "NixOS",
        "repo": "nixpkgs",
        "rev": "62b852f6c6742134ade1abdd2a21685fd617a291",
        "type": "github"
      },
      "original": {
        "owner": "NixOS",
        "ref": "nixos-unstable",
        "repo": "nixpkgs",
        "type": "github"
      }
    },
    "nixpkgs_2": {
      "locked": {
        "lastModified": 1748190013,
        "narHash": "sha256-R5HJFflOfsP5FBtk+zE8FpL8uqE7n62jqOsADvVshhE=",
        "owner": "NixOS",
        "repo": "nixpkgs",
        "rev": "62b852f6c6742134ade1abdd2a21685fd617a291",
        "type": "github"
      },
      "original": {
        "owner": "NixOS",
        "ref": "nixos-unstable",
        "repo": "nixpkgs",
        "type": "github"
      }
    },
    "root": {
      "inputs": {
        "firedrake": "firedrake",
        "gadopt-repo": "gadopt-repo",
        "nixpkgs": "nixpkgs_2"
      }
    }
  },
  "root": "root",
  "version": 7
}
