{
  "nodes": {
    "firedrake": {
      "inputs": {
        "nixpkgs": "nixpkgs"
      },
      "locked": {
        "lastModified": 1749515749,
        "narHash": "sha256-+caI1V2MAhRI0Z756yda0AAr+KvmexFx5sx95pz/1rg=",
        "owner": "angus-g",
        "repo": "firedrake-flake",
        "rev": "ff800ec156647489e4d5ab0957790e3d8f121e41",
        "type": "github"
      },
      "original": {
        "owner": "angus-g",
        "repo": "firedrake-flake",
        "type": "github"
      }
    },
    "gadopt-repo": {
      "flake": false,
      "locked": {
        "path": "./g-adopt",
        "type": "path"
      },
      "original": {
        "path": "./g-adopt",
        "type": "path"
      },
      "parent": []
    },
    "nixpkgs": {
      "locked": {
        "lastModified": 1749285348,
        "narHash": "sha256-frdhQvPbmDYaScPFiCnfdh3B/Vh81Uuoo0w5TkWmmjU=",
        "owner": "NixOS",
        "repo": "nixpkgs",
        "rev": "3e3afe5174c561dee0df6f2c2b2236990146329f",
        "type": "github"
      },
      "original": {
        "owner": "NixOS",
        "ref": "nixos-unstable",
        "repo": "nixpkgs",
        "type": "github"
      }
    },
    "nixpkgs_2": {
      "locked": {
        "lastModified": 1749285348,
        "narHash": "sha256-frdhQvPbmDYaScPFiCnfdh3B/Vh81Uuoo0w5TkWmmjU=",
        "owner": "NixOS",
        "repo": "nixpkgs",
        "rev": "3e3afe5174c561dee0df6f2c2b2236990146329f",
        "type": "github"
      },
      "original": {
        "owner": "NixOS",
        "ref": "nixos-unstable",
        "repo": "nixpkgs",
        "type": "github"
      }
    },
    "root": {
      "inputs": {
        "firedrake": "firedrake",
        "gadopt-repo": "gadopt-repo",
        "nixpkgs": "nixpkgs_2"
      }
    }
  },
  "root": "root",
  "version": 7
}
